
Microsoft Visual Studio Solution File, Format Version 12.00
# Visual Studio Version 16
VisualStudioVersion = 16.0.29920.165
MinimumVisualStudioVersion = 10.0.40219.1
Project("{FAE04EC0-301F-11D3-BF4B-00C04F79EFBC}") = "Pizza.Android", "Pizza.Android\Pizza.Android.csproj", "{04331CBE-1CF5-4D79-80F8-0D1E5C91B66A}"
EndProject
Project("{FAE04EC0-301F-11D3-BF4B-00C04F79EFBC}") = "Pizza.iOS", "Pizza.iOS\Pizza.iOS.csproj", "{20548707-6113-434F-B8E8-B5D4E179692F}"
EndProject
Project("{FAE04EC0-301F-11D3-BF4B-00C04F79EFBC}") = "Pizza", "Pizza\Pizza.csproj", "{8353D8A9-FBD7-4A3C-9D3F-1345DAC8B555}"
EndProject
Global
	GlobalSection(SolutionConfigurationPlatforms) = preSolution
		Debug|Any CPU = Debug|Any CPU
		Debug|iPhone = Debug|iPhone
		Debug|iPhoneSimulator = Debug|iPhoneSimulator
		Release|Any CPU = Release|Any CPU
		Release|iPhone = Release|iPhone
		Release|iPhoneSimulator = Release|iPhoneSimulator
	EndGlobalSection
	GlobalSection(ProjectConfigurationPlatforms) = postSolution
		{04331CBE-1CF5-4D79-80F8-0D1E5C91B66A}.Debug|Any CPU.ActiveCfg = Debug|Any CPU
		{04331CBE-1CF5-4D79-80F8-0D1E5C91B66A}.Debug|Any CPU.Build.0 = Debug|Any CPU
		{04331CBE-1CF5-4D79-80F8-0D1E5C91B66A}.Debug|Any CPU.Deploy.0 = Debug|Any CPU
		{04331CBE-1CF5-4D79-80F8-0D1E5C91B66A}.Debug|iPhone.ActiveCfg = Debug|Any CPU
		{04331CBE-1CF5-4D79-80F8-0D1E5C91B66A}.Debug|iPhone.Build.0 = Debug|Any CPU
		{04331CBE-1CF5-4D79-80F8-0D1E5C91B66A}.Debug|iPhone.Deploy.0 = Debug|Any CPU
		{04331CBE-1CF5-4D79-80F8-0D1E5C91B66A}.Debug|iPhoneSimulator.ActiveCfg = Debug|Any CPU
		{04331CBE-1CF5-4D79-80F8-0D1E5C91B66A}.Debug|iPhoneSimulator.Build.0 = Debug|Any CPU
		{04331CBE-1CF5-4D79-80F8-0D1E5C91B66A}.Debug|iPhoneSimulator.Deploy.0 = Debug|Any CPU
		{04331CBE-1CF5-4D79-80F8-0D1E5C91B66A}.Release|Any CPU.ActiveCfg = Release|Any CPU
		{04331CBE-1CF5-4D79-80F8-0D1E5C91B66A}.Release|Any CPU.Build.0 = Release|Any CPU
		{04331CBE-1CF5-4D79-80F8-0D1E5C91B66A}.Release|Any CPU.Deploy.0 = Release|Any CPU
		{04331CBE-1CF5-4D79-80F8-0D1E5C91B66A}.Release|iPhone.ActiveCfg = Release|Any CPU
		{04331CBE-1CF5-4D79-80F8-0D1E5C91B66A}.Release|iPhone.Build.0 = Release|Any CPU
		{04331CBE-1CF5-4D79-80F8-0D1E5C91B66A}.Release|iPhone.Deploy.0 = Release|Any CPU
		{04331CBE-1CF5-4D79-80F8-0D1E5C91B66A}.Release|iPhoneSimulator.ActiveCfg = Release|Any CPU
		{04331CBE-1CF5-4D79-80F8-0D1E5C91B66A}.Release|iPhoneSimulator.Build.0 = Release|Any CPU
		{04331CBE-1CF5-4D79-80F8-0D1E5C91B66A}.Release|iPhoneSimulator.Deploy.0 = Release|Any CPU
		{20548707-6113-434F-B8E8-B5D4E179692F}.Debug|Any CPU.ActiveCfg = Debug|iPhone
		{20548707-6113-434F-B8E8-B5D4E179692F}.Debug|Any CPU.Build.0 = Debug|iPhone
		{20548707-6113-434F-B8E8-B5D4E179692F}.Debug|Any CPU.Deploy.0 = Debug|iPhone
		{20548707-6113-434F-B8E8-B5D4E179692F}.Debug|iPhone.ActiveCfg = Debug|iPhone
		{20548707-6113-434F-B8E8-B5D4E179692F}.Debug|iPhone.Build.0 = Debug|iPhone
		{20548707-6113-434F-B8E8-B5D4E179692F}.Debug|iPhone.Deploy.0 = Debug|iPhone
		{20548707-6113-434F-B8E8-B5D4E179692F}.Debug|iPhoneSimulator.ActiveCfg = Debug|iPhoneSimulator
		{20548707-6113-434F-B8E8-B5D4E179692F}.Debug|iPhoneSimulator.Build.0 = Debug|iPhoneSimulator
		{20548707-6113-434F-B8E8-B5D4E179692F}.Debug|iPhoneSimulator.Deploy.0 = Debug|iPhoneSimulator
		{20548707-6113-434F-B8E8-B5D4E179692F}.Release|Any CPU.ActiveCfg = Release|iPhone
		{20548707-6113-434F-B8E8-B5D4E179692F}.Release|Any CPU.Build.0 = Release|iPhone
		{20548707-6113-434F-B8E8-B5D4E179692F}.Release|Any CPU.Deploy.0 = Release|iPhone
		{20548707-6113-434F-B8E8-B5D4E179692F}.Release|iPhone.ActiveCfg = Release|iPhone
		{20548707-6113-434F-B8E8-B5D4E179692F}.Release|iPhone.Build.0 = Release|iPhone
		{20548707-6113-434F-B8E8-B5D4E179692F}.Release|iPhone.Deploy.0 = Release|iPhone
		{20548707-6113-434F-B8E8-B5D4E179692F}.Release|iPhoneSimulator.ActiveCfg = Release|iPhoneSimulator
		{20548707-6113-434F-B8E8-B5D4E179692F}.Release|iPhoneSimulator.Build.0 = Release|iPhoneSimulator
		{20548707-6113-434F-B8E8-B5D4E179692F}.Release|iPhoneSimulator.Deploy.0 = Release|iPhoneSimulator
		{8353D8A9-FBD7-4A3C-9D3F-1345DAC8B555}.Debug|Any CPU.ActiveCfg = Debug|Any CPU
		{8353D8A9-FBD7-4A3C-9D3F-1345DAC8B555}.Debug|Any CPU.Build.0 = Debug|Any CPU
		{8353D8A9-FBD7-4A3C-9D3F-1345DAC8B555}.Debug|Any CPU.Deploy.0 = Debug|Any CPU
		{8353D8A9-FBD7-4A3C-9D3F-1345DAC8B555}.Debug|iPhone.ActiveCfg = Debug|Any CPU
		{8353D8A9-FBD7-4A3C-9D3F-1345DAC8B555}.Debug|iPhone.Build.0 = Debug|Any CPU
		{8353D8A9-FBD7-4A3C-9D3F-1345DAC8B555}.Debug|iPhone.Deploy.0 = Debug|Any CPU
		{8353D8A9-FBD7-4A3C-9D3F-1345DAC8B555}.Debug|iPhoneSimulator.ActiveCfg = Debug|Any CPU
		{8353D8A9-FBD7-4A3C-9D3F-1345DAC8B555}.Debug|iPhoneSimulator.Build.0 = Debug|Any CPU
		{8353D8A9-FBD7-4A3C-9D3F-1345DAC8B555}.Debug|iPhoneSimulator.Deploy.0 = Debug|Any CPU
		{8353D8A9-FBD7-4A3C-9D3F-1345DAC8B555}.Release|Any CPU.ActiveCfg = Release|Any CPU
		{8353D8A9-FBD7-4A3C-9D3F-1345DAC8B555}.Release|Any CPU.Build.0 = Release|Any CPU
		{8353D8A9-FBD7-4A3C-9D3F-1345DAC8B555}.Release|Any CPU.Deploy.0 = Release|Any CPU
		{8353D8A9-FBD7-4A3C-9D3F-1345DAC8B555}.Release|iPhone.ActiveCfg = Release|Any CPU
		{8353D8A9-FBD7-4A3C-9D3F-1345DAC8B555}.Release|iPhone.Build.0 = Release|Any CPU
		{8353D8A9-FBD7-4A3C-9D3F-1345DAC8B555}.Release|iPhone.Deploy.0 = Release|Any CPU
		{8353D8A9-FBD7-4A3C-9D3F-1345DAC8B555}.Release|iPhoneSimulator.ActiveCfg = Release|Any CPU
		{8353D8A9-FBD7-4A3C-9D3F-1345DAC8B555}.Release|iPhoneSimulator.Build.0 = Release|Any CPU
		{8353D8A9-FBD7-4A3C-9D3F-1345DAC8B555}.Release|iPhoneSimulator.Deploy.0 = Release|Any CPU
	EndGlobalSection
	GlobalSection(SolutionProperties) = preSolution
		HideSolutionNode = FALSE
	EndGlobalSection
	GlobalSection(ExtensibilityGlobals) = postSolution
		SolutionGuid = {4A8EE528-BABF-4428-9167-4597F8DFE86A}
	EndGlobalSection
EndGlobal
